{
  "version": 4,
  "terraform_version": "1.4.6",
  "serial": 46,
  "lineage": "b54b4742-9e11-3d10-7603-e5679d442ba6",
  "outputs": {
    "resource_group_data": {
      "value": {
        "id": "/subscriptions/SubscriptionID/resourceGroups/new-rg-roee",
        "location": "westeurope",
        "name": "new-rg-roee",
        "tags": {
          "Terraform": "True",
          "env": "Dev"
        }
      },
      "type": [
        "object",
        {
          "id": "string",
          "location": "string",
          "name": "string",
          "tags": [
            "map",
            "string"
          ]
        }
      ]
    },
    "virtual_machine_data": {
      "value": {
        "id": "/subscriptions/SubscriptionID/resourceGroups/new-rg-roee/providers/Microsoft.Compute/virtualMachines/linuxvm-01",
        "identity": [],
        "private_ip_address": "100.0.1.4",
        "private_ip_addresses": [
          "100.0.1.4"
        ],
        "public_ip_address": "52.137.6.126",
        "public_ip_addresses": [
          "52.137.6.126"
        ]
      },
      "type": [
        "object",
        {
          "id": "string",
          "identity": [
            "list",
            [
              "object",
              {
                "identity_ids": [
                  "list",
                  "string"
                ],
                "principal_id": "string",
                "tenant_id": "string",
                "type": "string"
              }
            ]
          ],
          "private_ip_address": "string",
          "private_ip_addresses": [
            "list",
            "string"
          ],
          "public_ip_address": "string",
          "public_ip_addresses": [
            "list",
            "string"
          ]
        }
      ]
    }
  },
  "resources": [
    {
      "mode": "data",
      "type": "azurerm_resource_group",
      "name": "RG",
      "provider": "provider[\"registry.terraform.io/hashicorp/azurerm\"]",
      "instances": [
        {
          "schema_version": 0,
          "attributes": {
            "id": "/subscriptions/SubscriptionID/resourceGroups/new-rg-roee",
            "location": "westeurope",
            "name": "new-rg-roee",
            "tags": {
              "Terraform": "True",
              "env": "Dev"
            },
            "timeouts": null
          },
          "sensitive_attributes": []
        }
      ]
    },
    {
      "mode": "data",
      "type": "azurerm_virtual_machine",
      "name": "vm",
      "provider": "provider[\"registry.terraform.io/hashicorp/azurerm\"]",
      "instances": [
        {
          "schema_version": 0,
          "attributes": {
            "id": "/subscriptions/SubscriptionID/resourceGroups/new-rg-roee/providers/Microsoft.Compute/virtualMachines/linuxvm-01",
            "identity": [],
            "location": "westeurope",
            "name": "linuxvm-01",
            "private_ip_address": "100.0.1.4",
            "private_ip_addresses": [
              "100.0.1.4"
            ],
            "public_ip_address": "52.137.6.126",
            "public_ip_addresses": [
              "52.137.6.126"
            ],
            "resource_group_name": "new-rg-roee",
            "timeouts": null
          },
          "sensitive_attributes": []
        }
      ]
    },
    {
      "mode": "managed",
      "type": "azurerm_linux_virtual_machine",
      "name": "tf-vm",
      "provider": "provider[\"registry.terraform.io/hashicorp/azurerm\"]",
      "instances": [
        {
          "schema_version": 0,
          "attributes": {
            "additional_capabilities": [],
            "admin_password": null,
            "admin_ssh_key": [
              {
                "public_key": "ssh-rsa AAAAB3NzaC1yc2EAAAADAQABAAABgQDu49X78bCz4EUGt4Jkt9QfvRck3MqZ+Zwz8+GZh8bkH1eUV92M8t1Ckqd8Kf3HdCi1hHEJ4pNMWoMjpSaxGpJojcTNrSASIT14SXXe4pMkJAqMu6NIw4CVjywUmcXphskAh3pB9x4WDyefIcAeIPXoX4g+8CGSmZlP2L9wnMyAMfZKmItPm05zkoqq/r8wJSXSl67Q9cjND4l8MI2jqATi1KBXf6m50oU91Xs2F5mMgS/0sKtyDmg78uJanraR7eI60leftmEyMeJDFmh+svgKW2lDUoLwJJtqmSQ8iqxsxb9A7ugg3IPrz8v3pVjR8xB+n2lh0giCnIJlwUcJ4+dmbozLiBp9xPqv2mMY/UXgMLvS6AzsppO9OAdfvUYs0dn9jnszH0zZyN1ySenCfs3WYH19tfEPKeHaxdzn8CPlbrPIZ9fd2ZGQqFtH+BS4UwrHKr3mELanb4foIs9e/M/+yEbhnDbT9W/JyR3gRUWcVUSJb5II1MuhqZfK1UxENfk= roee@DESKTOP-R15I70H\r\n",
                "username": "roee"
              }
            ],
            "admin_username": "roee",
            "allow_extension_operations": true,
            "availability_set_id": "",
            "boot_diagnostics": [],
            "computer_name": "linuxvm-01",
            "custom_data": "IyEvYmluL2Jhc2gNCnN1ZG8gYXB0LWdldCB1cGRhdGUgLXkgJiYNCnN1ZG8gYXB0LWdldCBpbnN0YWxsIC15IFwNCmFwdC10cmFuc3BvcnQtaHR0cHMgXA0KY2EtY2VydGlmaWNhdGVzIFwNCmN1cmwgXA0KZ251cGctYWdlbnQgXA0Kc29mdHdhcmUtcHJvcGVydGllcy1jb21tb24gJiYNCmN1cmwgLWZzU0wgaHR0cHM6Ly9kb3dubG9hZC5kb2NrZXIuY29tL2xpbnV4L3VidW50dS9ncGcgfCBzdWRvIGFwdC1rZXkgYWRkIC0gJiYNCnN1ZG8gYWRkLWFwdC1yZXBvc2l0b3J5ICJkZWIgW2FyY2g9YW1kNjRdIGh0dHBzOi8vZG93bmxvYWQuZG9ja2VyLmNvbS9saW51eC91YnVudHUgJChsc2JfcmVsZWFzZSAtY3MpIHN0YWJsZSIgJiYNCnN1ZG8gYXB0LWdldCB1cGRhdGUgLXkgJiYNCnN1ZG8gc3VkbyBhcHQtZ2V0IGluc3RhbGwgZG9ja2VyLWNlIGRvY2tlci1jZS1jbGkgY29udGFpbmVyZC5pbyAteSAmJg0Kc3VkbyB1c2VybW9kIC1hRyBkb2NrZXIgdWJ1bnR1",
            "dedicated_host_group_id": "",
            "dedicated_host_id": "",
            "disable_password_authentication": true,
            "edge_zone": "",
            "encryption_at_host_enabled": false,
            "eviction_policy": "",
            "extensions_time_budget": "PT1H30M",
            "id": "/subscriptions/SubscriptionID/resourceGroups/new-rg-roee/providers/Microsoft.Compute/virtualMachines/linuxvm-01",
            "identity": [],
            "license_type": "",
            "location": "westeurope",
            "max_bid_price": -1,
            "name": "linuxvm-01",
            "network_interface_ids": [
              "/subscriptions/SubscriptionID/resourceGroups/new-rg-roee/providers/Microsoft.Network/networkInterfaces/tf-nic"
            ],
            "os_disk": [
              {
                "caching": "ReadWrite",
                "diff_disk_settings": [],
                "disk_encryption_set_id": "",
                "disk_size_gb": 30,
                "name": "linuxvm-01_OsDisk_1_1211b6b13a9a48708cc33429c9c754af",
                "storage_account_type": "Standard_LRS",
                "write_accelerator_enabled": false
              }
            ],
            "patch_mode": "ImageDefault",
            "plan": [],
            "platform_fault_domain": -1,
            "priority": "Regular",
            "private_ip_address": "100.0.1.4",
            "private_ip_addresses": [
              "100.0.1.4"
            ],
            "provision_vm_agent": true,
            "proximity_placement_group_id": "",
            "public_ip_address": "52.137.6.126",
            "public_ip_addresses": [
              "52.137.6.126"
            ],
            "resource_group_name": "new-rg-roee",
            "secret": [],
            "secure_boot_enabled": false,
            "size": "Standard_B1s",
            "source_image_id": "",
            "source_image_reference": [
              {
                "offer": "UbuntuServer",
                "publisher": "Canonical",
                "sku": "18.04-LTS",
                "version": "latest"
              }
            ],
            "tags": {},
            "termination_notification": [],
            "timeouts": null,
            "user_data": "",
            "virtual_machine_id": "b4ff8b77-6b32-4447-9d01-38650ada47ab",
            "virtual_machine_scale_set_id": "",
            "vtpm_enabled": false,
            "zone": ""
          },
          "sensitive_attributes": [],
          "private": "eyJlMmJmYjczMC1lY2FhLTExZTYtOGY4OC0zNDM2M2JjN2M0YzAiOnsiY3JlYXRlIjoyNzAwMDAwMDAwMDAwLCJkZWxldGUiOjI3MDAwMDAwMDAwMDAsInJlYWQiOjMwMDAwMDAwMDAwMCwidXBkYXRlIjoyNzAwMDAwMDAwMDAwfX0=",
          "dependencies": [
            "azurerm_network_interface.nic",
            "azurerm_public_ip.tf-ip",
            "azurerm_resource_group.RG",
            "azurerm_subnet.subnet",
            "azurerm_virtual_network.vnet"
          ]
        }
      ]
    },
    {
      "mode": "managed",
      "type": "azurerm_network_interface",
      "name": "nic",
      "provider": "provider[\"registry.terraform.io/hashicorp/azurerm\"]",
      "instances": [
        {
          "schema_version": 0,
          "attributes": {
            "applied_dns_servers": [],
            "dns_servers": [],
            "edge_zone": "",
            "enable_accelerated_networking": false,
            "enable_ip_forwarding": false,
            "id": "/subscriptions/SubscriptionID/resourceGroups/new-rg-roee/providers/Microsoft.Network/networkInterfaces/tf-nic",
            "internal_dns_name_label": "",
            "internal_domain_name_suffix": "yytbwkcaxl2elpzczduequpepg.ax.internal.cloudapp.net",
            "ip_configuration": [
              {
                "gateway_load_balancer_frontend_ip_configuration_id": "",
                "name": "internal",
                "primary": true,
                "private_ip_address": "100.0.1.4",
                "private_ip_address_allocation": "Dynamic",
                "private_ip_address_version": "IPv4",
                "public_ip_address_id": "/subscriptions/SubscriptionID/resourceGroups/new-rg-roee/providers/Microsoft.Network/publicIPAddresses/ip-01",
                "subnet_id": "/subscriptions/SubscriptionID/resourceGroups/new-rg-roee/providers/Microsoft.Network/virtualNetworks/new-Vnet-roee/subnets/azure-tf-subnet"
              }
            ],
            "location": "westeurope",
            "mac_address": "00-0D-3A-AF-BA-0C",
            "name": "tf-nic",
            "private_ip_address": "100.0.1.4",
            "private_ip_addresses": [
              "100.0.1.4"
            ],
            "resource_group_name": "new-rg-roee",
            "tags": {
              "Terraform": "True",
              "env": "Dev"
            },
            "timeouts": null,
            "virtual_machine_id": "/subscriptions/SubscriptionID/resourceGroups/NEW-RG-ROEE/providers/Microsoft.Compute/virtualMachines/linuxvm-01"
          },
          "sensitive_attributes": [],
          "private": "eyJlMmJmYjczMC1lY2FhLTExZTYtOGY4OC0zNDM2M2JjN2M0YzAiOnsiY3JlYXRlIjoxODAwMDAwMDAwMDAwLCJkZWxldGUiOjE4MDAwMDAwMDAwMDAsInJlYWQiOjMwMDAwMDAwMDAwMCwidXBkYXRlIjoxODAwMDAwMDAwMDAwfX0=",
          "dependencies": [
            "azurerm_public_ip.tf-ip",
            "azurerm_resource_group.RG",
            "azurerm_subnet.subnet",
            "azurerm_virtual_network.vnet"
          ]
        }
      ]
    },
    {
      "mode": "managed",
      "type": "azurerm_network_security_group",
      "name": "sc-group",
      "provider": "provider[\"registry.terraform.io/hashicorp/azurerm\"]",
      "instances": [
        {
          "schema_version": 0,
          "attributes": {
            "id": "/subscriptions/SubscriptionID/resourceGroups/new-rg-roee/providers/Microsoft.Network/networkSecurityGroups/tf-sc-group",
            "location": "westeurope",
            "name": "tf-sc-group",
            "resource_group_name": "new-rg-roee",
            "security_rule": [
              {
                "access": "Allow",
                "description": "",
                "destination_address_prefix": "*",
                "destination_address_prefixes": [],
                "destination_application_security_group_ids": [],
                "destination_port_range": "*",
                "destination_port_ranges": [],
                "direction": "Inbound",
                "name": "dev-rule",
                "priority": 100,
                "protocol": "*",
                "source_address_prefix": "87.71.197.26",
                "source_address_prefixes": [],
                "source_application_security_group_ids": [],
                "source_port_range": "*",
                "source_port_ranges": []
              }
            ],
            "tags": {
              "Terraform": "True",
              "env": "Dev"
            },
            "timeouts": null
          },
          "sensitive_attributes": [],
          "private": "eyJlMmJmYjczMC1lY2FhLTExZTYtOGY4OC0zNDM2M2JjN2M0YzAiOnsiY3JlYXRlIjoxODAwMDAwMDAwMDAwLCJkZWxldGUiOjE4MDAwMDAwMDAwMDAsInJlYWQiOjMwMDAwMDAwMDAwMCwidXBkYXRlIjoxODAwMDAwMDAwMDAwfX0=",
          "dependencies": [
            "azurerm_resource_group.RG"
          ]
        }
      ]
    },
    {
      "mode": "managed",
      "type": "azurerm_network_security_rule",
      "name": "nsr-tf",
      "provider": "provider[\"registry.terraform.io/hashicorp/azurerm\"]",
      "instances": [
        {
          "schema_version": 0,
          "attributes": {
            "access": "Allow",
            "description": "",
            "destination_address_prefix": "*",
            "destination_address_prefixes": [],
            "destination_application_security_group_ids": [],
            "destination_port_range": "*",
            "destination_port_ranges": [],
            "direction": "Inbound",
            "id": "/subscriptions/SubscriptionID/resourceGroups/new-rg-roee/providers/Microsoft.Network/networkSecurityGroups/tf-sc-group/securityRules/dev-rule",
            "name": "dev-rule",
            "network_security_group_name": "tf-sc-group",
            "priority": 100,
            "protocol": "*",
            "resource_group_name": "new-rg-roee",
            "source_address_prefix": "87.71.197.26",
            "source_address_prefixes": [],
            "source_application_security_group_ids": [],
            "source_port_range": "*",
            "source_port_ranges": [],
            "timeouts": null
          },
          "sensitive_attributes": [],
          "private": "eyJlMmJmYjczMC1lY2FhLTExZTYtOGY4OC0zNDM2M2JjN2M0YzAiOnsiY3JlYXRlIjoxODAwMDAwMDAwMDAwLCJkZWxldGUiOjE4MDAwMDAwMDAwMDAsInJlYWQiOjMwMDAwMDAwMDAwMCwidXBkYXRlIjoxODAwMDAwMDAwMDAwfX0=",
          "dependencies": [
            "azurerm_network_security_group.sc-group",
            "azurerm_resource_group.RG"
          ]
        }
      ]
    },
    {
      "mode": "managed",
      "type": "azurerm_public_ip",
      "name": "tf-ip",
      "provider": "provider[\"registry.terraform.io/hashicorp/azurerm\"]",
      "instances": [
        {
          "schema_version": 0,
          "attributes": {
            "allocation_method": "Dynamic",
            "domain_name_label": null,
            "edge_zone": "",
            "fqdn": null,
            "id": "/subscriptions/SubscriptionID/resourceGroups/new-rg-roee/providers/Microsoft.Network/publicIPAddresses/ip-01",
            "idle_timeout_in_minutes": 4,
            "ip_address": "52.137.6.126",
            "ip_tags": {},
            "ip_version": "IPv4",
            "location": "westeurope",
            "name": "ip-01",
            "public_ip_prefix_id": null,
            "resource_group_name": "new-rg-roee",
            "reverse_fqdn": null,
            "sku": "Basic",
            "sku_tier": "Regional",
            "tags": {
              "Terraform": "True",
              "env": "Dev"
            },
            "timeouts": null,
            "zones": []
          },
          "sensitive_attributes": [],
          "private": "eyJlMmJmYjczMC1lY2FhLTExZTYtOGY4OC0zNDM2M2JjN2M0YzAiOnsiY3JlYXRlIjoxODAwMDAwMDAwMDAwLCJkZWxldGUiOjE4MDAwMDAwMDAwMDAsInJlYWQiOjMwMDAwMDAwMDAwMCwidXBkYXRlIjoxODAwMDAwMDAwMDAwfX0=",
          "dependencies": [
            "azurerm_resource_group.RG"
          ]
        }
      ]
    },
    {
      "mode": "managed",
      "type": "azurerm_resource_group",
      "name": "RG",
      "provider": "provider[\"registry.terraform.io/hashicorp/azurerm\"]",
      "instances": [
        {
          "schema_version": 0,
          "attributes": {
            "id": "/subscriptions/SubscriptionID/resourceGroups/new-rg-roee",
            "location": "westeurope",
            "name": "new-rg-roee",
            "tags": {
              "Terraform": "True",
              "env": "Dev"
            },
            "timeouts": null
          },
          "sensitive_attributes": [],
          "private": "eyJlMmJmYjczMC1lY2FhLTExZTYtOGY4OC0zNDM2M2JjN2M0YzAiOnsiY3JlYXRlIjo1NDAwMDAwMDAwMDAwLCJkZWxldGUiOjU0MDAwMDAwMDAwMDAsInJlYWQiOjMwMDAwMDAwMDAwMCwidXBkYXRlIjo1NDAwMDAwMDAwMDAwfX0="
        }
      ]
    },
    {
      "mode": "managed",
      "type": "azurerm_subnet",
      "name": "subnet",
      "provider": "provider[\"registry.terraform.io/hashicorp/azurerm\"]",
      "instances": [
        {
          "schema_version": 0,
          "attributes": {
            "address_prefixes": [
              "100.0.1.0/24"
            ],
            "delegation": [],
            "enforce_private_link_endpoint_network_policies": false,
            "enforce_private_link_service_network_policies": false,
            "id": "/subscriptions/SubscriptionID/resourceGroups/new-rg-roee/providers/Microsoft.Network/virtualNetworks/new-Vnet-roee/subnets/azure-tf-subnet",
            "name": "azure-tf-subnet",
            "resource_group_name": "new-rg-roee",
            "service_endpoint_policy_ids": [],
            "service_endpoints": [],
            "timeouts": null,
            "virtual_network_name": "new-Vnet-roee"
          },
          "sensitive_attributes": [],
          "private": "eyJlMmJmYjczMC1lY2FhLTExZTYtOGY4OC0zNDM2M2JjN2M0YzAiOnsiY3JlYXRlIjoxODAwMDAwMDAwMDAwLCJkZWxldGUiOjE4MDAwMDAwMDAwMDAsInJlYWQiOjMwMDAwMDAwMDAwMCwidXBkYXRlIjoxODAwMDAwMDAwMDAwfX0=",
          "dependencies": [
            "azurerm_resource_group.RG",
            "azurerm_virtual_network.vnet"
          ]
        }
      ]
    },
    {
      "mode": "managed",
      "type": "azurerm_subnet_network_security_group_association",
      "name": "sga",
      "provider": "provider[\"registry.terraform.io/hashicorp/azurerm\"]",
      "instances": [
        {
          "schema_version": 0,
          "attributes": {
            "id": "/subscriptions/SubscriptionID/resourceGroups/new-rg-roee/providers/Microsoft.Network/virtualNetworks/new-Vnet-roee/subnets/azure-tf-subnet",
            "network_security_group_id": "/subscriptions/SubscriptionID/resourceGroups/new-rg-roee/providers/Microsoft.Network/networkSecurityGroups/tf-sc-group",
            "subnet_id": "/subscriptions/SubscriptionID/resourceGroups/new-rg-roee/providers/Microsoft.Network/virtualNetworks/new-Vnet-roee/subnets/azure-tf-subnet",
            "timeouts": null
          },
          "sensitive_attributes": [],
          "private": "eyJlMmJmYjczMC1lY2FhLTExZTYtOGY4OC0zNDM2M2JjN2M0YzAiOnsiY3JlYXRlIjoxODAwMDAwMDAwMDAwLCJkZWxldGUiOjE4MDAwMDAwMDAwMDAsInJlYWQiOjMwMDAwMDAwMDAwMCwidXBkYXRlIjoxODAwMDAwMDAwMDAwfX0=",
          "dependencies": [
            "azurerm_network_security_group.sc-group",
            "azurerm_resource_group.RG",
            "azurerm_subnet.subnet",
            "azurerm_virtual_network.vnet"
          ]
        }
      ]
    },
    {
      "mode": "managed",
      "type": "azurerm_virtual_network",
      "name": "vnet",
      "provider": "provider[\"registry.terraform.io/hashicorp/azurerm\"]",
      "instances": [
        {
          "schema_version": 0,
          "attributes": {
            "address_space": [
              "100.0.0.0/16"
            ],
            "bgp_community": "",
            "ddos_protection_plan": [],
            "dns_servers": [],
            "edge_zone": "",
            "flow_timeout_in_minutes": 0,
            "guid": "281b26c6-ba40-45f8-bf22-c8e84851e47e",
            "id": "/subscriptions/SubscriptionID/resourceGroups/new-rg-roee/providers/Microsoft.Network/virtualNetworks/new-Vnet-roee",
            "location": "westeurope",
            "name": "new-Vnet-roee",
            "resource_group_name": "new-rg-roee",
            "subnet": [
              {
                "address_prefix": "100.0.1.0/24",
                "id": "/subscriptions/SubscriptionID/resourceGroups/new-rg-roee/providers/Microsoft.Network/virtualNetworks/new-Vnet-roee/subnets/azure-tf-subnet",
                "name": "azure-tf-subnet",
                "security_group": "/subscriptions/SubscriptionID/resourceGroups/new-rg-roee/providers/Microsoft.Network/networkSecurityGroups/tf-sc-group"
              }
            ],
            "tags": {
              "Terraform": "True",
              "env": "Dev"
            },
            "timeouts": null
          },
          "sensitive_attributes": [],
          "private": "eyJlMmJmYjczMC1lY2FhLTExZTYtOGY4OC0zNDM2M2JjN2M0YzAiOnsiY3JlYXRlIjoxODAwMDAwMDAwMDAwLCJkZWxldGUiOjE4MDAwMDAwMDAwMDAsInJlYWQiOjMwMDAwMDAwMDAwMCwidXBkYXRlIjoxODAwMDAwMDAwMDAwfX0=",
          "dependencies": [
            "azurerm_resource_group.RG"
          ]
        }
      ]
    }
  ],
  "check_results": null
}
